Microsoft Visual Studio Solution File, Format Version 12.00
# Visual Studio Version 17
VisualStudioVersion = 17.13.35818.85 d17.13
MinimumVisualStudioVersion = 10.0.40219.1
Project("{8BC9CEB8-8B4A-11D0-8D11-00A0C91BC942}") = "LawnProject", "SexyAppFramework\SexyAppBase.vcxproj", "{DA08CABA-92AC-40F0-B63D-6ACE7814D600}"
EndProject
Project("{FAE04EC0-301F-11D3-BF4B-00C04F79EFBC}") = "SaveFileManager", "SaveFileManager\SaveFileManager.csproj", "{8D26AFB5-5405-40A2-96AF-285743560147}"
EndProject
Global
	GlobalSection(SolutionConfigurationPlatforms) = preSolution
		Debug|Any CPU = Debug|Any CPU
		Debug|x86 = Debug|x86
		Release|Any CPU = Release|Any CPU
		Release|x86 = Release|x86
	EndGlobalSection
	GlobalSection(ProjectConfigurationPlatforms) = postSolution
		{DA08CABA-92AC-40F0-B63D-6ACE7814D600}.Debug|Any CPU.ActiveCfg = Debug|Win32
		{DA08CABA-92AC-40F0-B63D-6ACE7814D600}.Debug|Any CPU.Build.0 = Debug|Win32
		{DA08CABA-92AC-40F0-B63D-6ACE7814D600}.Debug|x86.ActiveCfg = Debug|Win32
		{DA08CABA-92AC-40F0-B63D-6ACE7814D600}.Debug|x86.Build.0 = Debug|Win32
		{DA08CABA-92AC-40F0-B63D-6ACE7814D600}.Release|Any CPU.ActiveCfg = Release|Win32
		{DA08CABA-92AC-40F0-B63D-6ACE7814D600}.Release|Any CPU.Build.0 = Release|Win32
		{DA08CABA-92AC-40F0-B63D-6ACE7814D600}.Release|x86.ActiveCfg = Release|Win32
		{DA08CABA-92AC-40F0-B63D-6ACE7814D600}.Release|x86.Build.0 = Release|Win32
		{8D26AFB5-5405-40A2-96AF-285743560147}.Debug|Any CPU.ActiveCfg = Debug|Any CPU
		{8D26AFB5-5405-40A2-96AF-285743560147}.Debug|Any CPU.Build.0 = Debug|Any CPU
		{8D26AFB5-5405-40A2-96AF-285743560147}.Debug|x86.ActiveCfg = Debug|Any CPU
		{8D26AFB5-5405-40A2-96AF-285743560147}.Debug|x86.Build.0 = Debug|Any CPU
		{8D26AFB5-5405-40A2-96AF-285743560147}.Release|Any CPU.ActiveCfg = Release|Any CPU
		{8D26AFB5-5405-40A2-96AF-285743560147}.Release|Any CPU.Build.0 = Release|Any CPU
		{8D26AFB5-5405-40A2-96AF-285743560147}.Release|x86.ActiveCfg = Release|Any CPU
		{8D26AFB5-5405-40A2-96AF-285743560147}.Release|x86.Build.0 = Release|Any CPU
	EndGlobalSection
	GlobalSection(SolutionProperties) = preSolution
		HideSolutionNode = FALSE
	EndGlobalSection
	GlobalSection(ExtensibilityGlobals) = postSolution
		SolutionGuid = {1A4D98A6-0840-4764-B904-77C8195A8C1C}
	EndGlobalSection
EndGlobal
